
Microsoft Visual Studio Solution File, Format Version 12.00
# Visual Studio Version 17
VisualStudioVersion = 17.0.31903.59
MinimumVisualStudioVersion = 10.0.40219.1
Project("{2150E333-8FDC-42A3-9474-1A3956D46DE8}") = "src", "src", "{443F7E3B-95B5-4BD6-8D89-9E05BE83DA6A}"
EndProject
Project("{2150E333-8FDC-42A3-9474-1A3956D46DE8}") = "BuildingBlocks", "BuildingBlocks", "{8D20CB3F-7A14-4333-9810-D06B5B5DE861}"
EndProject
Project("{FAE04EC0-301F-11D3-BF4B-00C04F79EFBC}") = "FSD.Core", "src\BuildingBlocks\FSD.Core\FSD.Core.csproj", "{24564F55-1637-4206-A67A-A2733E987E80}"
EndProject
Project("{2150E333-8FDC-42A3-9474-1A3956D46DE8}") = "Usuarios", "Usuarios", "{CE11050D-0805-474F-A949-C20E319CCCBC}"
EndProject
Project("{FAE04EC0-301F-11D3-BF4B-00C04F79EFBC}") = "FSD.Usuarios.App", "src\Usuarios\FSD.Usuarios.App\FSD.Usuarios.App.csproj", "{4DA65188-4C5C-484F-B75E-CC41220A4254}"
EndProject
Project("{2150E333-8FDC-42A3-9474-1A3956D46DE8}") = "Forum", "Forum", "{9C3D81C1-D335-4EF0-A261-AF1C6AEC6D5E}"
EndProject
Project("{FAE04EC0-301F-11D3-BF4B-00C04F79EFBC}") = "FSD.Forum.Domain", "src\Forum\FSD.Forum.Domain\FSD.Forum.Domain.csproj", "{430E4A99-4485-4F02-B724-C9DE7580C6C6}"
EndProject
Project("{2150E333-8FDC-42A3-9474-1A3956D46DE8}") = "tests", "tests", "{37A93CFD-823E-4E89-B2C7-B51CBC0D67D5}"
EndProject
Project("{2150E333-8FDC-42A3-9474-1A3956D46DE8}") = "Usuarios", "Usuarios", "{056CAF48-89D6-43D2-BDB4-BCD165DD38F8}"
EndProject
Project("{FAE04EC0-301F-11D3-BF4B-00C04F79EFBC}") = "FSD.Usuarios.App.Tests", "tests\Usuarios\FSD.Usuarios.App.Tests\FSD.Usuarios.App.Tests.csproj", "{FE686DD7-0C14-4F79-9A85-65B149A00FC1}"
EndProject
Global
	GlobalSection(SolutionConfigurationPlatforms) = preSolution
		Debug|Any CPU = Debug|Any CPU
		Release|Any CPU = Release|Any CPU
	EndGlobalSection
	GlobalSection(SolutionProperties) = preSolution
		HideSolutionNode = FALSE
	EndGlobalSection
	GlobalSection(ProjectConfigurationPlatforms) = postSolution
		{24564F55-1637-4206-A67A-A2733E987E80}.Debug|Any CPU.ActiveCfg = Debug|Any CPU
		{24564F55-1637-4206-A67A-A2733E987E80}.Debug|Any CPU.Build.0 = Debug|Any CPU
		{24564F55-1637-4206-A67A-A2733E987E80}.Release|Any CPU.ActiveCfg = Release|Any CPU
		{24564F55-1637-4206-A67A-A2733E987E80}.Release|Any CPU.Build.0 = Release|Any CPU
		{4DA65188-4C5C-484F-B75E-CC41220A4254}.Debug|Any CPU.ActiveCfg = Debug|Any CPU
		{4DA65188-4C5C-484F-B75E-CC41220A4254}.Debug|Any CPU.Build.0 = Debug|Any CPU
		{4DA65188-4C5C-484F-B75E-CC41220A4254}.Release|Any CPU.ActiveCfg = Release|Any CPU
		{4DA65188-4C5C-484F-B75E-CC41220A4254}.Release|Any CPU.Build.0 = Release|Any CPU
		{430E4A99-4485-4F02-B724-C9DE7580C6C6}.Debug|Any CPU.ActiveCfg = Debug|Any CPU
		{430E4A99-4485-4F02-B724-C9DE7580C6C6}.Debug|Any CPU.Build.0 = Debug|Any CPU
		{430E4A99-4485-4F02-B724-C9DE7580C6C6}.Release|Any CPU.ActiveCfg = Release|Any CPU
		{430E4A99-4485-4F02-B724-C9DE7580C6C6}.Release|Any CPU.Build.0 = Release|Any CPU
		{FE686DD7-0C14-4F79-9A85-65B149A00FC1}.Debug|Any CPU.ActiveCfg = Debug|Any CPU
		{FE686DD7-0C14-4F79-9A85-65B149A00FC1}.Debug|Any CPU.Build.0 = Debug|Any CPU
		{FE686DD7-0C14-4F79-9A85-65B149A00FC1}.Release|Any CPU.ActiveCfg = Release|Any CPU
		{FE686DD7-0C14-4F79-9A85-65B149A00FC1}.Release|Any CPU.Build.0 = Release|Any CPU
	EndGlobalSection
	GlobalSection(NestedProjects) = preSolution
		{8D20CB3F-7A14-4333-9810-D06B5B5DE861} = {443F7E3B-95B5-4BD6-8D89-9E05BE83DA6A}
		{24564F55-1637-4206-A67A-A2733E987E80} = {8D20CB3F-7A14-4333-9810-D06B5B5DE861}
		{CE11050D-0805-474F-A949-C20E319CCCBC} = {443F7E3B-95B5-4BD6-8D89-9E05BE83DA6A}
		{4DA65188-4C5C-484F-B75E-CC41220A4254} = {CE11050D-0805-474F-A949-C20E319CCCBC}
		{9C3D81C1-D335-4EF0-A261-AF1C6AEC6D5E} = {443F7E3B-95B5-4BD6-8D89-9E05BE83DA6A}
		{430E4A99-4485-4F02-B724-C9DE7580C6C6} = {9C3D81C1-D335-4EF0-A261-AF1C6AEC6D5E}
		{056CAF48-89D6-43D2-BDB4-BCD165DD38F8} = {37A93CFD-823E-4E89-B2C7-B51CBC0D67D5}
		{FE686DD7-0C14-4F79-9A85-65B149A00FC1} = {056CAF48-89D6-43D2-BDB4-BCD165DD38F8}
	EndGlobalSection
EndGlobal
